
Microsoft Visual Studio Solution File, Format Version 12.00
# Visual Studio Version 16
VisualStudioVersion = 16.0.31829.152
MinimumVisualStudioVersion = 10.0.40219.1
Project("{FAE04EC0-301F-11D3-BF4B-00C04F79EFBC}") = "ProjetoXPTO", "ProjetoXPTO\ProjetoXPTO.csproj", "{A1B539EE-9E4E-45D8-917C-C8FECECF5568}"
EndProject
Global
	GlobalSection(SolutionConfigurationPlatforms) = preSolution
		Debug|Any CPU = Debug|Any CPU
		Release|Any CPU = Release|Any CPU
	EndGlobalSection
	GlobalSection(ProjectConfigurationPlatforms) = postSolution
		{A1B539EE-9E4E-45D8-917C-C8FECECF5568}.Debug|Any CPU.ActiveCfg = Debug|Any CPU
		{A1B539EE-9E4E-45D8-917C-C8FECECF5568}.Debug|Any CPU.Build.0 = Debug|Any CPU
		{A1B539EE-9E4E-45D8-917C-C8FECECF5568}.Release|Any CPU.ActiveCfg = Release|Any CPU
		{A1B539EE-9E4E-45D8-917C-C8FECECF5568}.Release|Any CPU.Build.0 = Release|Any CPU
	EndGlobalSection
	GlobalSection(SolutionProperties) = preSolution
		HideSolutionNode = FALSE
	EndGlobalSection
	GlobalSection(ExtensibilityGlobals) = postSolution
		SolutionGuid = {DBE1341F-1E7D-4B0B-B99A-D337D807EA66}
	EndGlobalSection
EndGlobal
